
Microsoft Visual Studio Solution File, Format Version 12.00
# Visual Studio 2012
Project("{FAE04EC0-301F-11D3-BF4B-00C04F79EFBC}") = "Ventas System", "Ventas System\Ventas System.csproj", "{99B5F929-6739-42F0-9219-B66ED7DEF75F}"
EndProject
Project("{FAE04EC0-301F-11D3-BF4B-00C04F79EFBC}") = "ControlVentasSystem", "ControlVentasSystem\ControlVentasSystem.csproj", "{293A4801-F118-4633-8C36-E2069FE2CD5C}"
EndProject
Global
	GlobalSection(SolutionConfigurationPlatforms) = preSolution
		Debug|Any CPU = Debug|Any CPU
		Release|Any CPU = Release|Any CPU
	EndGlobalSection
	GlobalSection(ProjectConfigurationPlatforms) = postSolution
		{99B5F929-6739-42F0-9219-B66ED7DEF75F}.Debug|Any CPU.ActiveCfg = Debug|Any CPU
		{99B5F929-6739-42F0-9219-B66ED7DEF75F}.Debug|Any CPU.Build.0 = Debug|Any CPU
		{99B5F929-6739-42F0-9219-B66ED7DEF75F}.Release|Any CPU.ActiveCfg = Release|Any CPU
		{99B5F929-6739-42F0-9219-B66ED7DEF75F}.Release|Any CPU.Build.0 = Release|Any CPU
		{293A4801-F118-4633-8C36-E2069FE2CD5C}.Debug|Any CPU.ActiveCfg = Debug|Any CPU
		{293A4801-F118-4633-8C36-E2069FE2CD5C}.Debug|Any CPU.Build.0 = Debug|Any CPU
		{293A4801-F118-4633-8C36-E2069FE2CD5C}.Release|Any CPU.ActiveCfg = Release|Any CPU
		{293A4801-F118-4633-8C36-E2069FE2CD5C}.Release|Any CPU.Build.0 = Release|Any CPU
	EndGlobalSection
	GlobalSection(SolutionProperties) = preSolution
		HideSolutionNode = FALSE
	EndGlobalSection
EndGlobal
